dependencies:
- name: jupyterhub
  repository: https://jupyterhub.github.io/helm-chart/
  version: 3.2.1
- name: dask-gateway
  repository: https://helm.dask.org/
  version: 2023.9.0
digest: sha256:44704bbf66159760aad354c5ec39c745897ac9a0b2c30cdbbecdad04cc0029d9
generated: "2024-01-05T02:38:54.88144891Z"
