dependencies:
- name: jupyterhub
  repository: https://jupyterhub.github.io/helm-chart/
  version: 2.0.0
- name: dask-gateway
  repository: https://helm.dask.org/
  version: 2023.1.1
digest: sha256:f026adb9fd0e149fd853572f0455e1d0c22cbfd21e38b971b363f627ba4a19ac
generated: "2023-01-24T09:56:05.174784389Z"
