dependencies:
- name: dagster-user-deployments
  repository: ""
  version: 1.9.3
- name: postgresql
  repository: https://raw.githubusercontent.com/bitnami/charts/eb5f9a9513d987b519f0ecd732e7031241c50328/bitnami
  version: 8.1.0
- name: rabbitmq
  repository: https://raw.githubusercontent.com/bitnami/charts/eb5f9a9513d987b519f0ecd732e7031241c50328/bitnami
  version: 6.16.3
- name: redis
  repository: https://raw.githubusercontent.com/bitnami/charts/eb5f9a9513d987b519f0ecd732e7031241c50328/bitnami
  version: 12.7.4
digest: sha256:736655867ed94b0e1c27527b6822ed59eb78f7d404f41f5f80db48dca048cd68
generated: "2024-11-21T22:13:34.204530669Z"
