dependencies:
- name: dagster-user-deployments
  repository: ""
  version: 1.6.4
- name: postgresql
  repository: https://raw.githubusercontent.com/bitnami/charts/eb5f9a9513d987b519f0ecd732e7031241c50328/bitnami
  version: 8.1.0
- name: rabbitmq
  repository: https://raw.githubusercontent.com/bitnami/charts/eb5f9a9513d987b519f0ecd732e7031241c50328/bitnami
  version: 6.16.3
- name: redis
  repository: https://raw.githubusercontent.com/bitnami/charts/eb5f9a9513d987b519f0ecd732e7031241c50328/bitnami
  version: 12.7.4
digest: sha256:f057532e6c463008f93dd3ac0bb5426366f320354634d50e4e6ae4fa6e4d742b
generated: "2024-02-08T22:42:27.322103144Z"
