dependencies:
- name: dagster-user-deployments
  repository: ""
  version: 1.7.16
- name: postgresql
  repository: https://raw.githubusercontent.com/bitnami/charts/eb5f9a9513d987b519f0ecd732e7031241c50328/bitnami
  version: 8.1.0
- name: rabbitmq
  repository: https://raw.githubusercontent.com/bitnami/charts/eb5f9a9513d987b519f0ecd732e7031241c50328/bitnami
  version: 6.16.3
- name: redis
  repository: https://raw.githubusercontent.com/bitnami/charts/eb5f9a9513d987b519f0ecd732e7031241c50328/bitnami
  version: 12.7.4
digest: sha256:569b0f1ef579e50b3b9d1cdf8116ad7bf3b292026ee78b14bbaf3c2e7aeb0974
generated: "2024-08-02T14:39:18.817095431Z"
